PODS:
  - Capacitor (5.3.0):
    - CapacitorCordova
  - CapacitorCordova (5.3.0)
  - CapacitorPushNotifications (5.1.0):
    - Capacitor

DEPENDENCIES:
  - "Capacitor (from `../../node_modules/@capacitor/ios`)"
  - "CapacitorCordova (from `../../node_modules/@capacitor/ios`)"
  - "CapacitorPushNotifications (from `../../node_modules/@capacitor/push-notifications`)"

EXTERNAL SOURCES:
  Capacitor:
    :path: "../../node_modules/@capacitor/ios"
  CapacitorCordova:
    :path: "../../node_modules/@capacitor/ios"
  CapacitorPushNotifications:
    :path: "../../node_modules/@capacitor/push-notifications"

SPEC CHECKSUMS:
  Capacitor: 1ac9165943bc4f2137642d218c5ba05df811de69
  CapacitorCordova: b9374d68e63ce29e96ab5db994cf14fbefd722c9
  CapacitorPushNotifications: b31e326c6e4eb216a622041d6ca21a973f34943f

PODFILE CHECKSUM: 65b5b5534a96aa4afc2b16f5a55c9dd5eb1a5c4a

COCOAPODS: 1.12.1
